
Microsoft Visual Studio Solution File, Format Version 12.00
# Visual Studio Version 16
VisualStudioVersion = 16.0.29709.97
MinimumVisualStudioVersion = 10.0.40219.1
Project("{9A19103F-16F7-4668-BE54-9A1E7A4F7556}") = "IndividualSharp", "IndividualSharp\IndividualSharp.csproj", "{1F338072-0855-4269-B273-40454C646108}"
EndProject
Project("{9A19103F-16F7-4668-BE54-9A1E7A4F7556}") = "Individual", "Individual\Individual.csproj", "{AC93EF91-5652-45E6-BF63-0A6C0F2EBBE0}"
EndProject
Project("{FAE04EC0-301F-11D3-BF4B-00C04F79EFBC}") = "IndividualConsole", "IndividualConsole\IndividualConsole.csproj", "{4CE65288-CFE1-4539-A6C7-0198D66D67FF}"
EndProject
Global
	GlobalSection(SolutionConfigurationPlatforms) = preSolution
		Debug|Any CPU = Debug|Any CPU
		Release|Any CPU = Release|Any CPU
	EndGlobalSection
	GlobalSection(ProjectConfigurationPlatforms) = postSolution
		{1F338072-0855-4269-B273-40454C646108}.Debug|Any CPU.ActiveCfg = Debug|Any CPU
		{1F338072-0855-4269-B273-40454C646108}.Debug|Any CPU.Build.0 = Debug|Any CPU
		{1F338072-0855-4269-B273-40454C646108}.Release|Any CPU.ActiveCfg = Release|Any CPU
		{1F338072-0855-4269-B273-40454C646108}.Release|Any CPU.Build.0 = Release|Any CPU
		{AC93EF91-5652-45E6-BF63-0A6C0F2EBBE0}.Debug|Any CPU.ActiveCfg = Debug|Any CPU
		{AC93EF91-5652-45E6-BF63-0A6C0F2EBBE0}.Debug|Any CPU.Build.0 = Debug|Any CPU
		{AC93EF91-5652-45E6-BF63-0A6C0F2EBBE0}.Release|Any CPU.ActiveCfg = Release|Any CPU
		{AC93EF91-5652-45E6-BF63-0A6C0F2EBBE0}.Release|Any CPU.Build.0 = Release|Any CPU
		{4CE65288-CFE1-4539-A6C7-0198D66D67FF}.Debug|Any CPU.ActiveCfg = Debug|Any CPU
		{4CE65288-CFE1-4539-A6C7-0198D66D67FF}.Debug|Any CPU.Build.0 = Debug|Any CPU
		{4CE65288-CFE1-4539-A6C7-0198D66D67FF}.Release|Any CPU.ActiveCfg = Release|Any CPU
		{4CE65288-CFE1-4539-A6C7-0198D66D67FF}.Release|Any CPU.Build.0 = Release|Any CPU
	EndGlobalSection
	GlobalSection(SolutionProperties) = preSolution
		HideSolutionNode = FALSE
	EndGlobalSection
	GlobalSection(ExtensibilityGlobals) = postSolution
		SolutionGuid = {4A61DF74-0E36-46D5-88AC-7DEC4089E618}
	EndGlobalSection
EndGlobal
